
Microsoft Visual Studio Solution File, Format Version 12.00
# Visual Studio Version 16
VisualStudioVersion = 16.0.30804.86
MinimumVisualStudioVersion = 10.0.40219.1
Project("{FAE04EC0-301F-11D3-BF4B-00C04F79EFBC}") = "Mask1", "Mask1\Mask1.csproj", "{8D8BB127-A040-4D34-A4F1-982EE33B74FF}"
EndProject
Project("{FAE04EC0-301F-11D3-BF4B-00C04F79EFBC}") = "Mask3", "Mask3\Mask3.csproj", "{ACF1780E-AFA4-44FA-9529-58FC43B9E526}"
EndProject
Global
	GlobalSection(SolutionConfigurationPlatforms) = preSolution
		Debug|Any CPU = Debug|Any CPU
		Release|Any CPU = Release|Any CPU
	EndGlobalSection
	GlobalSection(ProjectConfigurationPlatforms) = postSolution
		{8D8BB127-A040-4D34-A4F1-982EE33B74FF}.Debug|Any CPU.ActiveCfg = Debug|Any CPU
		{8D8BB127-A040-4D34-A4F1-982EE33B74FF}.Debug|Any CPU.Build.0 = Debug|Any CPU
		{8D8BB127-A040-4D34-A4F1-982EE33B74FF}.Release|Any CPU.ActiveCfg = Release|Any CPU
		{8D8BB127-A040-4D34-A4F1-982EE33B74FF}.Release|Any CPU.Build.0 = Release|Any CPU
		{ACF1780E-AFA4-44FA-9529-58FC43B9E526}.Debug|Any CPU.ActiveCfg = Debug|Any CPU
		{ACF1780E-AFA4-44FA-9529-58FC43B9E526}.Debug|Any CPU.Build.0 = Debug|Any CPU
		{ACF1780E-AFA4-44FA-9529-58FC43B9E526}.Release|Any CPU.ActiveCfg = Release|Any CPU
		{ACF1780E-AFA4-44FA-9529-58FC43B9E526}.Release|Any CPU.Build.0 = Release|Any CPU
	EndGlobalSection
	GlobalSection(SolutionProperties) = preSolution
		HideSolutionNode = FALSE
	EndGlobalSection
	GlobalSection(ExtensibilityGlobals) = postSolution
		SolutionGuid = {70BA8DBF-1B09-43D2-BD9A-C9DFAA1B2277}
	EndGlobalSection
EndGlobal
