
Microsoft Visual Studio Solution File, Format Version 12.00
# Visual Studio Version 16
VisualStudioVersion = 16.0.30804.86
MinimumVisualStudioVersion = 10.0.40219.1
Project("{9A19103F-16F7-4668-BE54-9A1E7A4F7556}") = "Mask1", "Task1\Mask1.csproj", "{79061887-6D9C-4965-9871-500266657002}"
EndProject
Project("{9A19103F-16F7-4668-BE54-9A1E7A4F7556}") = "Mask2", "Task2\Mask2.csproj", "{33D6142F-B735-45E9-8E61-75E9B662A326}"
EndProject
Project("{9A19103F-16F7-4668-BE54-9A1E7A4F7556}") = "Mask3", "Task3\Mask3.csproj", "{0F86DB66-B732-4028-9A46-95EB3760062F}"
EndProject
Project("{9A19103F-16F7-4668-BE54-9A1E7A4F7556}") = "Mask4", "Task4\Mask4.csproj", "{9CC0C2AF-2080-49C0-8AE3-5E85669DC284}"
EndProject
Global
	GlobalSection(SolutionConfigurationPlatforms) = preSolution
		Debug|Any CPU = Debug|Any CPU
		Release|Any CPU = Release|Any CPU
	EndGlobalSection
	GlobalSection(ProjectConfigurationPlatforms) = postSolution
		{79061887-6D9C-4965-9871-500266657002}.Debug|Any CPU.ActiveCfg = Debug|Any CPU
		{79061887-6D9C-4965-9871-500266657002}.Debug|Any CPU.Build.0 = Debug|Any CPU
		{79061887-6D9C-4965-9871-500266657002}.Release|Any CPU.ActiveCfg = Release|Any CPU
		{79061887-6D9C-4965-9871-500266657002}.Release|Any CPU.Build.0 = Release|Any CPU
		{33D6142F-B735-45E9-8E61-75E9B662A326}.Debug|Any CPU.ActiveCfg = Debug|Any CPU
		{33D6142F-B735-45E9-8E61-75E9B662A326}.Debug|Any CPU.Build.0 = Debug|Any CPU
		{33D6142F-B735-45E9-8E61-75E9B662A326}.Release|Any CPU.ActiveCfg = Release|Any CPU
		{33D6142F-B735-45E9-8E61-75E9B662A326}.Release|Any CPU.Build.0 = Release|Any CPU
		{0F86DB66-B732-4028-9A46-95EB3760062F}.Debug|Any CPU.ActiveCfg = Debug|Any CPU
		{0F86DB66-B732-4028-9A46-95EB3760062F}.Debug|Any CPU.Build.0 = Debug|Any CPU
		{0F86DB66-B732-4028-9A46-95EB3760062F}.Release|Any CPU.ActiveCfg = Release|Any CPU
		{0F86DB66-B732-4028-9A46-95EB3760062F}.Release|Any CPU.Build.0 = Release|Any CPU
		{9CC0C2AF-2080-49C0-8AE3-5E85669DC284}.Debug|Any CPU.ActiveCfg = Debug|Any CPU
		{9CC0C2AF-2080-49C0-8AE3-5E85669DC284}.Debug|Any CPU.Build.0 = Debug|Any CPU
		{9CC0C2AF-2080-49C0-8AE3-5E85669DC284}.Release|Any CPU.ActiveCfg = Release|Any CPU
		{9CC0C2AF-2080-49C0-8AE3-5E85669DC284}.Release|Any CPU.Build.0 = Release|Any CPU
	EndGlobalSection
	GlobalSection(SolutionProperties) = preSolution
		HideSolutionNode = FALSE
	EndGlobalSection
	GlobalSection(ExtensibilityGlobals) = postSolution
		SolutionGuid = {6F1A6056-80A7-4763-B87F-EAF75ED1A1E9}
	EndGlobalSection
EndGlobal
